
Microsoft Visual Studio Solution File, Format Version 12.00
# Visual Studio Version 16
VisualStudioVersion = 16.0.28606.126
MinimumVisualStudioVersion = 10.0.40219.1
Project("{2150E333-8FDC-42A3-9474-1A3956D46DE8}") = "Tests", "Tests", "{2902FDFD-016E-4BF7-8B41-53D674FA53DD}"
EndProject
Project("{9A19103F-16F7-4668-BE54-9A1E7A4F7556}") = "BlazinCatfork.Api", "Source\Api\BlazinCatfork.Api.csproj", "{D689FE5E-4C99-4B23-9351-7BF8FD451D3A}"
EndProject
Project("{9A19103F-16F7-4668-BE54-9A1E7A4F7556}") = "BlazinCatfork.Server", "Source\Server\BlazinCatfork.Server.csproj", "{C2A476F8-24E0-4030-B47E-7550E8593023}"
EndProject
Project("{9A19103F-16F7-4668-BE54-9A1E7A4F7556}") = "BlazinCatfork.Client", "Source\Client\BlazinCatfork.Client.csproj", "{29C151BA-9476-44CA-B1D9-8C2A0C2BD07A}"
EndProject
Project("{9A19103F-16F7-4668-BE54-9A1E7A4F7556}") = "BlazinCatfork.Client.Integration.Tests", "Tests\Client.Integration.Tests\BlazinCatfork.Client.Integration.Tests.csproj", "{CD24B4A7-8C82-4442-940A-C90E27743E24}"
EndProject
Project("{9A19103F-16F7-4668-BE54-9A1E7A4F7556}") = "BlazinCatfork.EndToEnd.Tests", "Tests\EndToEnd.Selenium.Tests\BlazinCatfork.EndToEnd.Selenium.Tests.csproj", "{2725C9D9-3E0F-4181-889A-9FC402FDEF64}"
EndProject
Project("{9A19103F-16F7-4668-BE54-9A1E7A4F7556}") = "BlazinCatfork.Server.Integration.Tests", "Tests\Server.Integration.Tests\BlazinCatfork.Server.Integration.Tests.csproj", "{0CBCB55C-DF7E-4EE5-8A97-7FB994231B2C}"
EndProject
Project("{9A19103F-16F7-4668-BE54-9A1E7A4F7556}") = "EndToEnd.TestCafe.Tests", "Tests\EndToEnd.TestCafe.Tests\BlazinCatfork.EndToEnd.TestCafe.Tests.csproj", "{D808F52A-56D3-4878-AB20-813105DF72CF}"
EndProject
Global
	GlobalSection(SolutionConfigurationPlatforms) = preSolution
		Debug|Any CPU = Debug|Any CPU
		Release|Any CPU = Release|Any CPU
	EndGlobalSection
	GlobalSection(ProjectConfigurationPlatforms) = postSolution
		{D689FE5E-4C99-4B23-9351-7BF8FD451D3A}.Debug|Any CPU.ActiveCfg = Debug|Any CPU
		{D689FE5E-4C99-4B23-9351-7BF8FD451D3A}.Debug|Any CPU.Build.0 = Debug|Any CPU
		{D689FE5E-4C99-4B23-9351-7BF8FD451D3A}.Release|Any CPU.ActiveCfg = Release|Any CPU
		{D689FE5E-4C99-4B23-9351-7BF8FD451D3A}.Release|Any CPU.Build.0 = Release|Any CPU
		{C2A476F8-24E0-4030-B47E-7550E8593023}.Debug|Any CPU.ActiveCfg = Debug|Any CPU
		{C2A476F8-24E0-4030-B47E-7550E8593023}.Debug|Any CPU.Build.0 = Debug|Any CPU
		{C2A476F8-24E0-4030-B47E-7550E8593023}.Release|Any CPU.ActiveCfg = Release|Any CPU
		{C2A476F8-24E0-4030-B47E-7550E8593023}.Release|Any CPU.Build.0 = Release|Any CPU
		{29C151BA-9476-44CA-B1D9-8C2A0C2BD07A}.Debug|Any CPU.ActiveCfg = Debug|Any CPU
		{29C151BA-9476-44CA-B1D9-8C2A0C2BD07A}.Debug|Any CPU.Build.0 = Debug|Any CPU
		{29C151BA-9476-44CA-B1D9-8C2A0C2BD07A}.Release|Any CPU.ActiveCfg = Release|Any CPU
		{29C151BA-9476-44CA-B1D9-8C2A0C2BD07A}.Release|Any CPU.Build.0 = Release|Any CPU
		{CD24B4A7-8C82-4442-940A-C90E27743E24}.Debug|Any CPU.ActiveCfg = Debug|Any CPU
		{CD24B4A7-8C82-4442-940A-C90E27743E24}.Debug|Any CPU.Build.0 = Debug|Any CPU
		{CD24B4A7-8C82-4442-940A-C90E27743E24}.Release|Any CPU.ActiveCfg = Release|Any CPU
		{CD24B4A7-8C82-4442-940A-C90E27743E24}.Release|Any CPU.Build.0 = Release|Any CPU
		{2725C9D9-3E0F-4181-889A-9FC402FDEF64}.Debug|Any CPU.ActiveCfg = Debug|Any CPU
		{2725C9D9-3E0F-4181-889A-9FC402FDEF64}.Debug|Any CPU.Build.0 = Debug|Any CPU
		{2725C9D9-3E0F-4181-889A-9FC402FDEF64}.Release|Any CPU.ActiveCfg = Release|Any CPU
		{2725C9D9-3E0F-4181-889A-9FC402FDEF64}.Release|Any CPU.Build.0 = Release|Any CPU
		{0CBCB55C-DF7E-4EE5-8A97-7FB994231B2C}.Debug|Any CPU.ActiveCfg = Debug|Any CPU
		{0CBCB55C-DF7E-4EE5-8A97-7FB994231B2C}.Debug|Any CPU.Build.0 = Debug|Any CPU
		{0CBCB55C-DF7E-4EE5-8A97-7FB994231B2C}.Release|Any CPU.ActiveCfg = Release|Any CPU
		{0CBCB55C-DF7E-4EE5-8A97-7FB994231B2C}.Release|Any CPU.Build.0 = Release|Any CPU
		{D808F52A-56D3-4878-AB20-813105DF72CF}.Debug|Any CPU.ActiveCfg = Debug|Any CPU
		{D808F52A-56D3-4878-AB20-813105DF72CF}.Debug|Any CPU.Build.0 = Debug|Any CPU
		{D808F52A-56D3-4878-AB20-813105DF72CF}.Release|Any CPU.ActiveCfg = Release|Any CPU
		{D808F52A-56D3-4878-AB20-813105DF72CF}.Release|Any CPU.Build.0 = Release|Any CPU
	EndGlobalSection
	GlobalSection(SolutionProperties) = preSolution
		HideSolutionNode = FALSE
	EndGlobalSection
	GlobalSection(NestedProjects) = preSolution
		{CD24B4A7-8C82-4442-940A-C90E27743E24} = {2902FDFD-016E-4BF7-8B41-53D674FA53DD}
		{2725C9D9-3E0F-4181-889A-9FC402FDEF64} = {2902FDFD-016E-4BF7-8B41-53D674FA53DD}
		{0CBCB55C-DF7E-4EE5-8A97-7FB994231B2C} = {2902FDFD-016E-4BF7-8B41-53D674FA53DD}
		{D808F52A-56D3-4878-AB20-813105DF72CF} = {2902FDFD-016E-4BF7-8B41-53D674FA53DD}
	EndGlobalSection
	GlobalSection(ExtensibilityGlobals) = postSolution
		SolutionGuid = {16FA64C2-4A0E-42D4-94E6-C8CFDE84597E}
	EndGlobalSection
EndGlobal
