
Microsoft Visual Studio Solution File, Format Version 12.00
# Visual Studio Version 16
VisualStudioVersion = 16.0.28606.126
MinimumVisualStudioVersion = 10.0.40219.1
Project("{2150E333-8FDC-42A3-9474-1A3956D46DE8}") = "Tests", "Tests", "{2902FDFD-016E-4BF7-8B41-53D674FA53DD}"
EndProject
Project("{9A19103F-16F7-4668-BE54-9A1E7A4F7556}") = "BlazinCatFork_P7.Shared", "Source\BlazinCatFork_P7.Shared\BlazinCatFork_P7.Shared.csproj", "{43F364B2-F909-4A5E-A7F1-046B51E21F84}"
EndProject
Project("{9A19103F-16F7-4668-BE54-9A1E7A4F7556}") = "BlazinCatFork_P7.Server", "Source\BlazinCatFork_P7.Server\BlazinCatFork_P7.Server.csproj", "{43041CB0-84BD-4F89-B430-BDD8037CB399}"
EndProject
Project("{9A19103F-16F7-4668-BE54-9A1E7A4F7556}") = "BlazinCatFork_P7.Client", "Source\BlazinCatFork_P7.Client\BlazinCatFork_P7.Client.csproj", "{988EB08B-ACB1-4AD3-9A48-73FE006361A9}"
EndProject
Project("{9A19103F-16F7-4668-BE54-9A1E7A4F7556}") = "BlazinCatFork_P7.Client.Integration.Tests", "Tests\BlazinCatFork_P7.Client.Integration.Tests\BlazinCatFork_P7.Client.Integration.Tests.csproj", "{06B832FD-F41D-4A97-9963-71E8965918C9}"
EndProject
Project("{9A19103F-16F7-4668-BE54-9A1E7A4F7556}") = "BlazinCatFork_P7.EndToEnd.Tests", "Tests\BlazinCatFork_P7.EndToEnd.Tests\BlazinCatFork_P7.EndToEnd.Tests.csproj", "{CCAE8C13-AD80-4755-8B15-D1A12D8418EC}"
EndProject
Project("{9A19103F-16F7-4668-BE54-9A1E7A4F7556}") = "BlazinCatFork_P7.Server.Integration.Tests", "Tests\BlazinCatFork_P7.Server.Integration.Tests\BlazinCatFork_P7.Server.Integration.Tests.csproj", "{1731BE05-6C16-47E6-B1A0-CB13B6F2B9D8}"
EndProject
Global
	GlobalSection(SolutionConfigurationPlatforms) = preSolution
		Debug|Any CPU = Debug|Any CPU
		Release|Any CPU = Release|Any CPU
	EndGlobalSection
	GlobalSection(ProjectConfigurationPlatforms) = postSolution
		{43F364B2-F909-4A5E-A7F1-046B51E21F84}.Debug|Any CPU.ActiveCfg = Debug|Any CPU
		{43F364B2-F909-4A5E-A7F1-046B51E21F84}.Debug|Any CPU.Build.0 = Debug|Any CPU
		{43F364B2-F909-4A5E-A7F1-046B51E21F84}.Release|Any CPU.ActiveCfg = Release|Any CPU
		{43F364B2-F909-4A5E-A7F1-046B51E21F84}.Release|Any CPU.Build.0 = Release|Any CPU
		{43041CB0-84BD-4F89-B430-BDD8037CB399}.Debug|Any CPU.ActiveCfg = Debug|Any CPU
		{43041CB0-84BD-4F89-B430-BDD8037CB399}.Debug|Any CPU.Build.0 = Debug|Any CPU
		{43041CB0-84BD-4F89-B430-BDD8037CB399}.Release|Any CPU.ActiveCfg = Release|Any CPU
		{43041CB0-84BD-4F89-B430-BDD8037CB399}.Release|Any CPU.Build.0 = Release|Any CPU
		{988EB08B-ACB1-4AD3-9A48-73FE006361A9}.Debug|Any CPU.ActiveCfg = Debug|Any CPU
		{988EB08B-ACB1-4AD3-9A48-73FE006361A9}.Debug|Any CPU.Build.0 = Debug|Any CPU
		{988EB08B-ACB1-4AD3-9A48-73FE006361A9}.Release|Any CPU.ActiveCfg = Release|Any CPU
		{988EB08B-ACB1-4AD3-9A48-73FE006361A9}.Release|Any CPU.Build.0 = Release|Any CPU
		{06B832FD-F41D-4A97-9963-71E8965918C9}.Debug|Any CPU.ActiveCfg = Debug|Any CPU
		{06B832FD-F41D-4A97-9963-71E8965918C9}.Debug|Any CPU.Build.0 = Debug|Any CPU
		{06B832FD-F41D-4A97-9963-71E8965918C9}.Release|Any CPU.ActiveCfg = Release|Any CPU
		{06B832FD-F41D-4A97-9963-71E8965918C9}.Release|Any CPU.Build.0 = Release|Any CPU
		{CCAE8C13-AD80-4755-8B15-D1A12D8418EC}.Debug|Any CPU.ActiveCfg = Debug|Any CPU
		{CCAE8C13-AD80-4755-8B15-D1A12D8418EC}.Debug|Any CPU.Build.0 = Debug|Any CPU
		{CCAE8C13-AD80-4755-8B15-D1A12D8418EC}.Release|Any CPU.ActiveCfg = Release|Any CPU
		{CCAE8C13-AD80-4755-8B15-D1A12D8418EC}.Release|Any CPU.Build.0 = Release|Any CPU
		{1731BE05-6C16-47E6-B1A0-CB13B6F2B9D8}.Debug|Any CPU.ActiveCfg = Debug|Any CPU
		{1731BE05-6C16-47E6-B1A0-CB13B6F2B9D8}.Debug|Any CPU.Build.0 = Debug|Any CPU
		{1731BE05-6C16-47E6-B1A0-CB13B6F2B9D8}.Release|Any CPU.ActiveCfg = Release|Any CPU
		{1731BE05-6C16-47E6-B1A0-CB13B6F2B9D8}.Release|Any CPU.Build.0 = Release|Any CPU
	EndGlobalSection
	GlobalSection(SolutionProperties) = preSolution
		HideSolutionNode = FALSE
	EndGlobalSection
	GlobalSection(NestedProjects) = preSolution
		{06B832FD-F41D-4A97-9963-71E8965918C9} = {2902FDFD-016E-4BF7-8B41-53D674FA53DD}
		{CCAE8C13-AD80-4755-8B15-D1A12D8418EC} = {2902FDFD-016E-4BF7-8B41-53D674FA53DD}
		{1731BE05-6C16-47E6-B1A0-CB13B6F2B9D8} = {2902FDFD-016E-4BF7-8B41-53D674FA53DD}
	EndGlobalSection
	GlobalSection(ExtensibilityGlobals) = postSolution
		SolutionGuid = {16FA64C2-4A0E-42D4-94E6-C8CFDE84597E}
	EndGlobalSection
EndGlobal
